
Microsoft Visual Studio Solution File, Format Version 12.00
# Visual Studio 15
VisualStudioVersion = 15.0.28307.421
MinimumVisualStudioVersion = 10.0.40219.1
Project("{FAE04EC0-301F-11D3-BF4B-00C04F79EFBC}") = "ProjetoModulo2", "ProjetoModulo2\ProjetoModulo2.csproj", "{9CE638A2-1FCA-4DE7-A64E-F871B630B171}"
EndProject
Global
	GlobalSection(SolutionConfigurationPlatforms) = preSolution
		Debug|Any CPU = Debug|Any CPU
		Release|Any CPU = Release|Any CPU
	EndGlobalSection
	GlobalSection(ProjectConfigurationPlatforms) = postSolution
		{9CE638A2-1FCA-4DE7-A64E-F871B630B171}.Debug|Any CPU.ActiveCfg = Debug|Any CPU
		{9CE638A2-1FCA-4DE7-A64E-F871B630B171}.Debug|Any CPU.Build.0 = Debug|Any CPU
		{9CE638A2-1FCA-4DE7-A64E-F871B630B171}.Release|Any CPU.ActiveCfg = Release|Any CPU
		{9CE638A2-1FCA-4DE7-A64E-F871B630B171}.Release|Any CPU.Build.0 = Release|Any CPU
	EndGlobalSection
	GlobalSection(SolutionProperties) = preSolution
		HideSolutionNode = FALSE
	EndGlobalSection
	GlobalSection(ExtensibilityGlobals) = postSolution
		SolutionGuid = {1DDB4663-488D-45C7-ACDD-0E701A7D34A6}
	EndGlobalSection
EndGlobal
