
Microsoft Visual Studio Solution File, Format Version 12.00
# Visual Studio 15
VisualStudioVersion = 15.0.28307.421
MinimumVisualStudioVersion = 10.0.40219.1
Project("{FAE04EC0-301F-11D3-BF4B-00C04F79EFBC}") = "ProjetoModulo4", "ProjetoModulo4\ProjetoModulo4.csproj", "{F279FE4E-F315-4867-80A1-9B69F6133A67}"
EndProject
Global
	GlobalSection(SolutionConfigurationPlatforms) = preSolution
		Debug|Any CPU = Debug|Any CPU
		Release|Any CPU = Release|Any CPU
	EndGlobalSection
	GlobalSection(ProjectConfigurationPlatforms) = postSolution
		{F279FE4E-F315-4867-80A1-9B69F6133A67}.Debug|Any CPU.ActiveCfg = Debug|Any CPU
		{F279FE4E-F315-4867-80A1-9B69F6133A67}.Debug|Any CPU.Build.0 = Debug|Any CPU
		{F279FE4E-F315-4867-80A1-9B69F6133A67}.Release|Any CPU.ActiveCfg = Release|Any CPU
		{F279FE4E-F315-4867-80A1-9B69F6133A67}.Release|Any CPU.Build.0 = Release|Any CPU
	EndGlobalSection
	GlobalSection(SolutionProperties) = preSolution
		HideSolutionNode = FALSE
	EndGlobalSection
	GlobalSection(ExtensibilityGlobals) = postSolution
		SolutionGuid = {4F8A20E6-6E92-4918-84E2-E2771DDB6100}
	EndGlobalSection
EndGlobal
